<?xml version="1.0" encoding="utf-8"?>
<Project ToolsVersion="4.0" xmlns="http://schemas.microsoft.com/developer/msbuild/2003">
  <ItemGroup>
    <Filter Include="ソース ファイル">
      <UniqueIdentifier>{4FC737F1-C7A5-4376-A066-2A32D752A2FF}</UniqueIdentifier>
      <Extensions>cpp;c;cc;cxx;def;odl;idl;hpj;bat;asm;asmx</Extensions>
    </Filter>
    <Filter Include="ヘッダー ファイル">
      <UniqueIdentifier>{93995380-89BD-4b04-88EB-625FBE52EBFB}</UniqueIdentifier>
      <Extensions>h;hh;hpp;hxx;hm;inl;inc;ipp;xsd</Extensions>
    </Filter>
    <Filter Include="リソース ファイル">
      <UniqueIdentifier>{67DA6AB6-F800-4c08-8B7A-83BB121AAD01}</UniqueIdentifier>
      <Extensions>rc;ico;cur;bmp;dlg;rc2;rct;bin;rgs;gif;jpg;jpeg;jpe;resx;tiff;tif;png;wav;mfcribbon-ms</Extensions>
    </Filter>
    <Filter Include="ヘッダー ファイル\other">
      <UniqueIdentifier>{c99990f3-6059-4e94-9f5d-22714d27cbb7}</UniqueIdentifier>
    </Filter>
    <Filter Include="ソース ファイル\other">
      <UniqueIdentifier>{8da37212-8dbc-438c-a444-d5fc6c5b4e09}</UniqueIdentifier>
    </Filter>
    <Filter Include="app">
      <UniqueIdentifier>{532f4497-6ea5-44eb-9c1a-5dc0d4f899e3}</UniqueIdentifier>
    </Filter>
    <Filter Include="app\block">
      <UniqueIdentifier>{25de4dd8-8d48-4c9e-af07-bae49c543779}</UniqueIdentifier>
    </Filter>
  </ItemGroup>
  <ItemGroup>
    <ClCompile Include="main.cpp">
      <Filter>ソース ファイル</Filter>
    </ClCompile>
    <ClCompile Include="StageManager.cpp">
      <Filter>ソース ファイル</Filter>
    </ClCompile>
    <ClCompile Include="Vector4.cpp">
      <Filter>ソース ファイル\other</Filter>
    </ClCompile>
    <ClCompile Include="Util.cpp">
      <Filter>ソース ファイル\other</Filter>
    </ClCompile>
    <ClCompile Include="Vector2.cpp">
      <Filter>ソース ファイル\other</Filter>
    </ClCompile>
    <ClCompile Include="Vector3.cpp">
      <Filter>ソース ファイル\other</Filter>
    </ClCompile>
    <ClCompile Include="Input.cpp">
      <Filter>ソース ファイル\other</Filter>
    </ClCompile>
    <ClCompile Include="Player.cpp">
      <Filter>ソース ファイル</Filter>
    </ClCompile>
    <ClCompile Include="IEntity.cpp">
      <Filter>ソース ファイル</Filter>
    </ClCompile>
    <ClCompile Include="Filter.cpp">
      <Filter>ソース ファイル</Filter>
    </ClCompile>
    <ClCompile Include="BlockFactory.cpp">
      <Filter>app\block</Filter>
    </ClCompile>
    <ClCompile Include="BasicBlock.cpp">
      <Filter>app\block</Filter>
    </ClCompile>
    <ClCompile Include="IBlock.cpp">
      <Filter>app\block</Filter>
    </ClCompile>
    <ClCompile Include="StoneBlock.cpp">
      <Filter>app\block</Filter>
    </ClCompile>
  </ItemGroup>
  <ItemGroup>
    <ClInclude Include="StageManager.h">
      <Filter>ヘッダー ファイル</Filter>
    </ClInclude>
    <ClInclude Include="Vector4.h">
      <Filter>ヘッダー ファイル\other</Filter>
    </ClInclude>
    <ClInclude Include="Util.h">
      <Filter>ヘッダー ファイル\other</Filter>
    </ClInclude>
    <ClInclude Include="Vector2.h">
      <Filter>ヘッダー ファイル\other</Filter>
    </ClInclude>
    <ClInclude Include="Vector3.h">
      <Filter>ヘッダー ファイル\other</Filter>
    </ClInclude>
    <ClInclude Include="Input.h">
      <Filter>ヘッダー ファイル\other</Filter>
    </ClInclude>
    <ClInclude Include="Player.h">
      <Filter>ヘッダー ファイル</Filter>
    </ClInclude>
    <ClInclude Include="IEntity.h">
      <Filter>ヘッダー ファイル</Filter>
    </ClInclude>
    <ClInclude Include="Filter.h">
      <Filter>ヘッダー ファイル</Filter>
    </ClInclude>
    <ClInclude Include="BasicBlock.h">
      <Filter>app\block</Filter>
    </ClInclude>
    <ClInclude Include="BlockFactory.h">
      <Filter>app\block</Filter>
    </ClInclude>
    <ClInclude Include="StoneBlock.h">
      <Filter>app\block</Filter>
    </ClInclude>
    <ClInclude Include="IBlock.h">
      <Filter>app\block</Filter>
    </ClInclude>
  </ItemGroup>
</Project>