<?xml version="1.0" encoding="utf-8"?>
<Project ToolsVersion="4.0" xmlns="http://schemas.microsoft.com/developer/msbuild/2003">
  <ItemGroup>
    <Filter Include="ソース ファイル">
      <UniqueIdentifier>{4FC737F1-C7A5-4376-A066-2A32D752A2FF}</UniqueIdentifier>
      <Extensions>cpp;c;cc;cxx;def;odl;idl;hpj;bat;asm;asmx</Extensions>
    </Filter>
    <Filter Include="ヘッダー ファイル">
      <UniqueIdentifier>{93995380-89BD-4b04-88EB-625FBE52EBFB}</UniqueIdentifier>
      <Extensions>h;hh;hpp;hxx;hm;inl;inc;ipp;xsd</Extensions>
    </Filter>
    <Filter Include="リソース ファイル">
      <UniqueIdentifier>{67DA6AB6-F800-4c08-8B7A-83BB121AAD01}</UniqueIdentifier>
      <Extensions>rc;ico;cur;bmp;dlg;rc2;rct;bin;rgs;gif;jpg;jpeg;jpe;resx;tiff;tif;png;wav;mfcribbon-ms</Extensions>
    </Filter>
    <Filter Include="ヘッダー ファイル\other">
      <UniqueIdentifier>{c99990f3-6059-4e94-9f5d-22714d27cbb7}</UniqueIdentifier>
    </Filter>
    <Filter Include="ソース ファイル\other">
      <UniqueIdentifier>{8da37212-8dbc-438c-a444-d5fc6c5b4e09}</UniqueIdentifier>
    </Filter>
    <Filter Include="ヘッダー ファイル\block">
      <UniqueIdentifier>{09ac2c6f-bfa5-4c09-80e4-32aff9a7c467}</UniqueIdentifier>
    </Filter>
    <Filter Include="ソース ファイル\block">
      <UniqueIdentifier>{a4efc497-0611-4c6e-b981-314de3a4d5bf}</UniqueIdentifier>
    </Filter>
    <Filter Include="ヘッダー ファイル\Entity">
      <UniqueIdentifier>{31f9f641-3d7d-41ee-98b4-7d0cb1573e27}</UniqueIdentifier>
    </Filter>
    <Filter Include="ソース ファイル\IEntity">
      <UniqueIdentifier>{acdb9bdd-6610-4959-82d5-f672467a533e}</UniqueIdentifier>
    </Filter>
    <Filter Include="ソース ファイル\staging">
      <UniqueIdentifier>{561738d8-26eb-4854-aea6-eccfb89fedb8}</UniqueIdentifier>
    </Filter>
    <Filter Include="ヘッダー ファイル\staging">
      <UniqueIdentifier>{602e0365-c673-4dd9-a5ec-faa225e9c0d2}</UniqueIdentifier>
    </Filter>
    <Filter Include="ソース ファイル\staging\Math">
      <UniqueIdentifier>{229b5056-9bac-4d4c-8c38-125de66f7d01}</UniqueIdentifier>
    </Filter>
    <Filter Include="ヘッダー ファイル\staging\Math">
      <UniqueIdentifier>{bee4eb70-35dd-41d9-88ef-b3548a48414c}</UniqueIdentifier>
    </Filter>
  </ItemGroup>
  <ItemGroup>
    <ClCompile Include="main.cpp">
      <Filter>ソース ファイル</Filter>
    </ClCompile>
    <ClCompile Include="StageManager.cpp">
      <Filter>ソース ファイル</Filter>
    </ClCompile>
    <ClCompile Include="Vector4.cpp">
      <Filter>ソース ファイル\other</Filter>
    </ClCompile>
    <ClCompile Include="Util.cpp">
      <Filter>ソース ファイル\other</Filter>
    </ClCompile>
    <ClCompile Include="Vector2.cpp">
      <Filter>ソース ファイル\other</Filter>
    </ClCompile>
    <ClCompile Include="Vector3.cpp">
      <Filter>ソース ファイル\other</Filter>
    </ClCompile>
    <ClCompile Include="IBlock.cpp">
      <Filter>ソース ファイル\block</Filter>
    </ClCompile>
    <ClCompile Include="BasicBlock.cpp">
      <Filter>ソース ファイル\block</Filter>
    </ClCompile>
    <ClCompile Include="IColor.cpp">
      <Filter>ソース ファイル\block</Filter>
    </ClCompile>
    <ClCompile Include="StoneBlock.cpp">
      <Filter>ソース ファイル\block</Filter>
    </ClCompile>
    <ClCompile Include="IEntity.cpp">
      <Filter>ソース ファイル\IEntity</Filter>
    </ClCompile>
    <ClCompile Include="Player.cpp">
      <Filter>ソース ファイル</Filter>
    </ClCompile>
    <ClCompile Include="staging\Particle.cpp">
      <Filter>ソース ファイル\staging</Filter>
    </ClCompile>
    <ClCompile Include="staging\ParticleManager.cpp">
      <Filter>ソース ファイル\staging</Filter>
    </ClCompile>
    <ClCompile Include="Input.cpp">
      <Filter>ソース ファイル\other</Filter>
    </ClCompile>
    <ClCompile Include="staging\PlayerDrawer.cpp">
      <Filter>ソース ファイル\staging</Filter>
    </ClCompile>
    <ClCompile Include="staging\FillterDrawer.cpp">
      <Filter>ソース ファイル\staging</Filter>
    </ClCompile>
    <ClCompile Include="staging\transform\Vec2.cpp">
      <Filter>ソース ファイル\staging\Math</Filter>
    </ClCompile>
    <ClCompile Include="staging\transform\Vec3.cpp">
      <Filter>ソース ファイル\staging\Math</Filter>
    </ClCompile>
    <ClCompile Include="staging\Timer.cpp">
      <Filter>ソース ファイル\staging\Math</Filter>
    </ClCompile>
    <ClCompile Include="staging\Power.cpp">
      <Filter>ソース ファイル\staging\Math</Filter>
    </ClCompile>
    <ClCompile Include="staging\Lerp.cpp">
      <Filter>ソース ファイル\staging\Math</Filter>
    </ClCompile>
    <ClCompile Include="staging\MathUtillity.cpp">
      <Filter>ソース ファイル\staging\Math</Filter>
    </ClCompile>
    <ClCompile Include="staging\GateDrawer.cpp">
      <Filter>ソース ファイル\staging</Filter>
    </ClCompile>
    <ClCompile Include="staging\BeaconDrawer.cpp">
      <Filter>ソース ファイル\staging</Filter>
    </ClCompile>
    <ClCompile Include="Filter.cpp">
      <Filter>ソース ファイル</Filter>
    </ClCompile>
    <ClCompile Include="User.cpp">
      <Filter>ソース ファイル</Filter>
    </ClCompile>
    <ClCompile Include="DetectBlock.cpp">
      <Filter>ソース ファイル\block</Filter>
    </ClCompile>
  </ItemGroup>
  <ItemGroup>
    <ClInclude Include="StageManager.h">
      <Filter>ヘッダー ファイル</Filter>
    </ClInclude>
    <ClInclude Include="Vector4.h">
      <Filter>ヘッダー ファイル\other</Filter>
    </ClInclude>
    <ClInclude Include="Util.h">
      <Filter>ヘッダー ファイル\other</Filter>
    </ClInclude>
    <ClInclude Include="Vector2.h">
      <Filter>ヘッダー ファイル\other</Filter>
    </ClInclude>
    <ClInclude Include="Vector3.h">
      <Filter>ヘッダー ファイル\other</Filter>
    </ClInclude>
    <ClInclude Include="IBlock.h">
      <Filter>ヘッダー ファイル\block</Filter>
    </ClInclude>
    <ClInclude Include="BasicBlock.h">
      <Filter>ヘッダー ファイル\block</Filter>
    </ClInclude>
    <ClInclude Include="IColor.h">
      <Filter>ヘッダー ファイル\block</Filter>
    </ClInclude>
    <ClInclude Include="StoneBlock.h">
      <Filter>ヘッダー ファイル\block</Filter>
    </ClInclude>
    <ClInclude Include="IEntity.h">
      <Filter>ヘッダー ファイル\Entity</Filter>
    </ClInclude>
    <ClInclude Include="Player.h">
      <Filter>ヘッダー ファイル</Filter>
    </ClInclude>
    <ClInclude Include="staging\Particle.h">
      <Filter>ヘッダー ファイル\staging</Filter>
    </ClInclude>
    <ClInclude Include="staging\ParticleManager.h">
      <Filter>ヘッダー ファイル\staging</Filter>
    </ClInclude>
    <ClInclude Include="Input.h">
      <Filter>ヘッダー ファイル\other</Filter>
    </ClInclude>
    <ClInclude Include="staging\PlayerDrawer.h">
      <Filter>ヘッダー ファイル\staging</Filter>
    </ClInclude>
    <ClInclude Include="staging\FillterDrawer.h">
      <Filter>ヘッダー ファイル\staging</Filter>
    </ClInclude>
    <ClInclude Include="staging\Lerp.h">
      <Filter>ヘッダー ファイル\staging\Math</Filter>
    </ClInclude>
    <ClInclude Include="staging\Power.h">
      <Filter>ヘッダー ファイル\staging\Math</Filter>
    </ClInclude>
    <ClInclude Include="staging\Timer.h">
      <Filter>ヘッダー ファイル\staging\Math</Filter>
    </ClInclude>
    <ClInclude Include="staging\transform\Vec2.h">
      <Filter>ヘッダー ファイル\staging\Math</Filter>
    </ClInclude>
    <ClInclude Include="staging\transform\Vec3.h">
      <Filter>ヘッダー ファイル\staging\Math</Filter>
    </ClInclude>
    <ClInclude Include="staging\MathUtillity.h">
      <Filter>ヘッダー ファイル\staging\Math</Filter>
    </ClInclude>
    <ClInclude Include="staging\GateDrawer.h">
      <Filter>ヘッダー ファイル\staging</Filter>
    </ClInclude>
    <ClInclude Include="staging\BeaconDrawer.h">
      <Filter>ヘッダー ファイル\staging</Filter>
    </ClInclude>
    <ClInclude Include="Filter.h">
      <Filter>ヘッダー ファイル</Filter>
    </ClInclude>
    <ClInclude Include="User.h">
      <Filter>ヘッダー ファイル</Filter>
    </ClInclude>
    <ClInclude Include="DetectBlock.h">
      <Filter>ヘッダー ファイル\block</Filter>
    </ClInclude>
  </ItemGroup>
</Project>